using System;
using System.Collections.Generic;
using System.Linq;

namespace Declarative_code
{
    class Program
    {
        private static List<double> myData = new List<double>() { 1, 2, 3, 4, 5 };

        public static void Main()
        {

            /* Imparative */

            foreach (double x in myData)
            {
                Console.WriteLine(Sub(Square(Add(x))).ToString());
            }

            /* Declarative*/

            myData.Select(Add).Select(Square).Select(Sub).ToList()
                .ForEach((x) => Console.WriteLine(x.ToString()));

        }

        public static double Add(double x)
        {
            return x + 1;
        }

        public static double Square(double x)
        {
            return Math.Pow(x, 2);
        }

        public static double Sub(double x)
        {
            return x - 1;
        }

    }
}
